
Microsoft Visual Studio Solution File, Format Version 12.00
# Visual Studio Version 17
VisualStudioVersion = 17.0.31903.59
MinimumVisualStudioVersion = 10.0.40219.1
Project("{FAE04EC0-301F-11D3-BF4B-00C04F79EFBC}") = "WebMVC", "WebMVC\WebMVC.csproj", "{2885425E-9145-4F6F-9390-C7130EA66517}"
EndProject
Project("{2150E333-8FDC-42A3-9474-1A3956D46DE8}") = "src", "src", "{D8F70D96-C8D6-4395-B1E8-0453E9786BE2}"
EndProject
Project("{2150E333-8FDC-42A3-9474-1A3956D46DE8}") = "Web", "Web", "{3D475E2D-54C8-4D9B-9D71-0BCE86AED0C7}"
EndProject
Project("{2150E333-8FDC-42A3-9474-1A3956D46DE8}") = "Services", "Services", "{2414C5E6-1B4B-4C19-8446-0A6A9E1197B0}"
EndProject
Project("{2150E333-8FDC-42A3-9474-1A3956D46DE8}") = "ApiGateways", "ApiGateways", "{B14AE4BD-CA7F-416D-AB03-E2876996B853}"
EndProject
Project("{2150E333-8FDC-42A3-9474-1A3956D46DE8}") = "BuildingBlocks", "BuildingBlocks", "{97862C30-A556-4BCA-9FCA-B6DE10DEC6CA}"
EndProject
Project("{FAE04EC0-301F-11D3-BF4B-00C04F79EFBC}") = "Catalog.API", "Catalog.API\Catalog.API.csproj", "{418C545D-769C-4BE3-B907-CAF6267EAB5E}"
EndProject
Project("{2150E333-8FDC-42A3-9474-1A3956D46DE8}") = "Catalog", "Catalog", "{23EF1B36-22DB-4137-B257-9BD75FB9EE34}"
EndProject
Project("{2150E333-8FDC-42A3-9474-1A3956D46DE8}") = "Ordering", "Ordering", "{34D6A7E3-BF3E-4C9E-B563-6B9C936DE333}"
EndProject
Project("{2150E333-8FDC-42A3-9474-1A3956D46DE8}") = "Basket", "Basket", "{07E9FD28-1F00-4829-AF47-54A67D5D535F}"
EndProject
Project("{2150E333-8FDC-42A3-9474-1A3956D46DE8}") = "Customer", "Customer", "{67879409-9771-48CA-8B1C-3D057B746FB2}"
EndProject
Project("{FAE04EC0-301F-11D3-BF4B-00C04F79EFBC}") = "Basket.API", "Basket.API\Basket.API.csproj", "{FC791CF7-5FAA-46D0-8D62-56EF186B216C}"
EndProject
Project("{2150E333-8FDC-42A3-9474-1A3956D46DE8}") = "Common.Logging", "Common.Logging", "{7760D36A-A564-4C8F-8782-A3DC684FB027}"
EndProject
Project("{2150E333-8FDC-42A3-9474-1A3956D46DE8}") = "EventBus.Messages", "EventBus.Messages", "{95E816AF-61FC-4E5A-B8AE-CB1454AE513D}"
EndProject
Project("{FAE04EC0-301F-11D3-BF4B-00C04F79EFBC}") = "Ordering.API", "Ordering.API\Ordering.API.csproj", "{678CD993-D285-4F55-B084-D00A890D5024}"
EndProject
Project("{FAE04EC0-301F-11D3-BF4B-00C04F79EFBC}") = "Customer.API", "Customer.API\Customer.API.csproj", "{3524A6B9-C365-402F-A0AF-10B7A11C37AE}"
EndProject
Project("{FAE04EC0-301F-11D3-BF4B-00C04F79EFBC}") = "Catalog.UnitTests", "Catalog.UnitTests\Catalog.UnitTests.csproj", "{B6F80C5D-B4E0-4A52-A4D8-FDDD2678F2E3}"
EndProject
Project("{FAE04EC0-301F-11D3-BF4B-00C04F79EFBC}") = "Basket.UnitTests", "Basket.UnitTests\Basket.UnitTests.csproj", "{7B405156-F878-4423-9664-A17589C3ADF8}"
EndProject
Project("{FAE04EC0-301F-11D3-BF4B-00C04F79EFBC}") = "Customer.UnitTests", "Customer.UnitTests\Customer.UnitTests.csproj", "{904EE884-4094-4299-AC51-C369F8F2C506}"
EndProject
Project("{FAE04EC0-301F-11D3-BF4B-00C04F79EFBC}") = "Ordering.UnitTests", "Ordering.UnitTests\Ordering.UnitTests.csproj", "{E248408D-BD38-406B-A05F-C488485D551A}"
EndProject
Project("{FAE04EC0-301F-11D3-BF4B-00C04F79EFBC}") = "Ordering.ArchitectureTests", "Ordering.ArchitectureTests\Ordering.ArchitectureTests.csproj", "{B0A1A3CE-44A5-40A3-AFC6-E26047D47103}"
EndProject
Project("{2150E333-8FDC-42A3-9474-1A3956D46DE8}") = "Tests", "Tests", "{2EC8F036-C4CF-46FD-ACF3-3A2D4041092D}"
EndProject
Project("{FAE04EC0-301F-11D3-BF4B-00C04F79EFBC}") = "Basket.FunctionalTests", "Basket.FunctionalTests\Basket.FunctionalTests.csproj", "{A817961B-8766-40D6-900A-41F80080A1C7}"
EndProject
Project("{FAE04EC0-301F-11D3-BF4B-00C04F79EFBC}") = "Catalog.FunctionalTests", "Catalog.FunctionalTests\Catalog.FunctionalTests.csproj", "{7AA6CE4A-51CE-45DB-B4AD-56F91AA62DDA}"
EndProject
Project("{FAE04EC0-301F-11D3-BF4B-00C04F79EFBC}") = "Customer.FunctionalTests", "Customer.FunctionalTests\Customer.FunctionalTests.csproj", "{4E42E30B-6EE9-44E2-9B94-7AD4FF5EC42E}"
EndProject
Project("{FAE04EC0-301F-11D3-BF4B-00C04F79EFBC}") = "Ordering.FunctionalTests", "Ordering.FunctionalTests\Ordering.FunctionalTests.csproj", "{E3B61AA0-C0FD-4648-B176-32A83B1D8590}"
EndProject
Global
	GlobalSection(SolutionConfigurationPlatforms) = preSolution
		Debug|Any CPU = Debug|Any CPU
		Release|Any CPU = Release|Any CPU
	EndGlobalSection
	GlobalSection(ProjectConfigurationPlatforms) = postSolution
		{2885425E-9145-4F6F-9390-C7130EA66517}.Debug|Any CPU.ActiveCfg = Debug|Any CPU
		{2885425E-9145-4F6F-9390-C7130EA66517}.Debug|Any CPU.Build.0 = Debug|Any CPU
		{2885425E-9145-4F6F-9390-C7130EA66517}.Release|Any CPU.ActiveCfg = Release|Any CPU
		{2885425E-9145-4F6F-9390-C7130EA66517}.Release|Any CPU.Build.0 = Release|Any CPU
		{418C545D-769C-4BE3-B907-CAF6267EAB5E}.Debug|Any CPU.ActiveCfg = Debug|Any CPU
		{418C545D-769C-4BE3-B907-CAF6267EAB5E}.Debug|Any CPU.Build.0 = Debug|Any CPU
		{418C545D-769C-4BE3-B907-CAF6267EAB5E}.Release|Any CPU.ActiveCfg = Release|Any CPU
		{418C545D-769C-4BE3-B907-CAF6267EAB5E}.Release|Any CPU.Build.0 = Release|Any CPU
		{FC791CF7-5FAA-46D0-8D62-56EF186B216C}.Debug|Any CPU.ActiveCfg = Debug|Any CPU
		{FC791CF7-5FAA-46D0-8D62-56EF186B216C}.Debug|Any CPU.Build.0 = Debug|Any CPU
		{FC791CF7-5FAA-46D0-8D62-56EF186B216C}.Release|Any CPU.ActiveCfg = Release|Any CPU
		{FC791CF7-5FAA-46D0-8D62-56EF186B216C}.Release|Any CPU.Build.0 = Release|Any CPU
		{678CD993-D285-4F55-B084-D00A890D5024}.Debug|Any CPU.ActiveCfg = Debug|Any CPU
		{678CD993-D285-4F55-B084-D00A890D5024}.Debug|Any CPU.Build.0 = Debug|Any CPU
		{678CD993-D285-4F55-B084-D00A890D5024}.Release|Any CPU.ActiveCfg = Release|Any CPU
		{678CD993-D285-4F55-B084-D00A890D5024}.Release|Any CPU.Build.0 = Release|Any CPU
		{3524A6B9-C365-402F-A0AF-10B7A11C37AE}.Debug|Any CPU.ActiveCfg = Debug|Any CPU
		{3524A6B9-C365-402F-A0AF-10B7A11C37AE}.Debug|Any CPU.Build.0 = Debug|Any CPU
		{3524A6B9-C365-402F-A0AF-10B7A11C37AE}.Release|Any CPU.ActiveCfg = Release|Any CPU
		{3524A6B9-C365-402F-A0AF-10B7A11C37AE}.Release|Any CPU.Build.0 = Release|Any CPU
		{B6F80C5D-B4E0-4A52-A4D8-FDDD2678F2E3}.Debug|Any CPU.ActiveCfg = Debug|Any CPU
		{B6F80C5D-B4E0-4A52-A4D8-FDDD2678F2E3}.Debug|Any CPU.Build.0 = Debug|Any CPU
		{B6F80C5D-B4E0-4A52-A4D8-FDDD2678F2E3}.Release|Any CPU.ActiveCfg = Release|Any CPU
		{B6F80C5D-B4E0-4A52-A4D8-FDDD2678F2E3}.Release|Any CPU.Build.0 = Release|Any CPU
		{7B405156-F878-4423-9664-A17589C3ADF8}.Debug|Any CPU.ActiveCfg = Debug|Any CPU
		{7B405156-F878-4423-9664-A17589C3ADF8}.Debug|Any CPU.Build.0 = Debug|Any CPU
		{7B405156-F878-4423-9664-A17589C3ADF8}.Release|Any CPU.ActiveCfg = Release|Any CPU
		{7B405156-F878-4423-9664-A17589C3ADF8}.Release|Any CPU.Build.0 = Release|Any CPU
		{904EE884-4094-4299-AC51-C369F8F2C506}.Debug|Any CPU.ActiveCfg = Debug|Any CPU
		{904EE884-4094-4299-AC51-C369F8F2C506}.Debug|Any CPU.Build.0 = Debug|Any CPU
		{904EE884-4094-4299-AC51-C369F8F2C506}.Release|Any CPU.ActiveCfg = Release|Any CPU
		{904EE884-4094-4299-AC51-C369F8F2C506}.Release|Any CPU.Build.0 = Release|Any CPU
		{E248408D-BD38-406B-A05F-C488485D551A}.Debug|Any CPU.ActiveCfg = Debug|Any CPU
		{E248408D-BD38-406B-A05F-C488485D551A}.Debug|Any CPU.Build.0 = Debug|Any CPU
		{E248408D-BD38-406B-A05F-C488485D551A}.Release|Any CPU.ActiveCfg = Release|Any CPU
		{E248408D-BD38-406B-A05F-C488485D551A}.Release|Any CPU.Build.0 = Release|Any CPU
		{B0A1A3CE-44A5-40A3-AFC6-E26047D47103}.Debug|Any CPU.ActiveCfg = Debug|Any CPU
		{B0A1A3CE-44A5-40A3-AFC6-E26047D47103}.Debug|Any CPU.Build.0 = Debug|Any CPU
		{B0A1A3CE-44A5-40A3-AFC6-E26047D47103}.Release|Any CPU.ActiveCfg = Release|Any CPU
		{B0A1A3CE-44A5-40A3-AFC6-E26047D47103}.Release|Any CPU.Build.0 = Release|Any CPU
		{A817961B-8766-40D6-900A-41F80080A1C7}.Debug|Any CPU.ActiveCfg = Debug|Any CPU
		{A817961B-8766-40D6-900A-41F80080A1C7}.Debug|Any CPU.Build.0 = Debug|Any CPU
		{A817961B-8766-40D6-900A-41F80080A1C7}.Release|Any CPU.ActiveCfg = Release|Any CPU
		{A817961B-8766-40D6-900A-41F80080A1C7}.Release|Any CPU.Build.0 = Release|Any CPU
		{7AA6CE4A-51CE-45DB-B4AD-56F91AA62DDA}.Debug|Any CPU.ActiveCfg = Debug|Any CPU
		{7AA6CE4A-51CE-45DB-B4AD-56F91AA62DDA}.Debug|Any CPU.Build.0 = Debug|Any CPU
		{7AA6CE4A-51CE-45DB-B4AD-56F91AA62DDA}.Release|Any CPU.ActiveCfg = Release|Any CPU
		{7AA6CE4A-51CE-45DB-B4AD-56F91AA62DDA}.Release|Any CPU.Build.0 = Release|Any CPU
		{4E42E30B-6EE9-44E2-9B94-7AD4FF5EC42E}.Debug|Any CPU.ActiveCfg = Debug|Any CPU
		{4E42E30B-6EE9-44E2-9B94-7AD4FF5EC42E}.Debug|Any CPU.Build.0 = Debug|Any CPU
		{4E42E30B-6EE9-44E2-9B94-7AD4FF5EC42E}.Release|Any CPU.ActiveCfg = Release|Any CPU
		{4E42E30B-6EE9-44E2-9B94-7AD4FF5EC42E}.Release|Any CPU.Build.0 = Release|Any CPU
		{E3B61AA0-C0FD-4648-B176-32A83B1D8590}.Debug|Any CPU.ActiveCfg = Debug|Any CPU
		{E3B61AA0-C0FD-4648-B176-32A83B1D8590}.Debug|Any CPU.Build.0 = Debug|Any CPU
		{E3B61AA0-C0FD-4648-B176-32A83B1D8590}.Release|Any CPU.ActiveCfg = Release|Any CPU
		{E3B61AA0-C0FD-4648-B176-32A83B1D8590}.Release|Any CPU.Build.0 = Release|Any CPU
	EndGlobalSection
	GlobalSection(SolutionProperties) = preSolution
		HideSolutionNode = FALSE
	EndGlobalSection
	GlobalSection(NestedProjects) = preSolution
		{2885425E-9145-4F6F-9390-C7130EA66517} = {3D475E2D-54C8-4D9B-9D71-0BCE86AED0C7}
		{3D475E2D-54C8-4D9B-9D71-0BCE86AED0C7} = {D8F70D96-C8D6-4395-B1E8-0453E9786BE2}
		{2414C5E6-1B4B-4C19-8446-0A6A9E1197B0} = {D8F70D96-C8D6-4395-B1E8-0453E9786BE2}
		{B14AE4BD-CA7F-416D-AB03-E2876996B853} = {D8F70D96-C8D6-4395-B1E8-0453E9786BE2}
		{97862C30-A556-4BCA-9FCA-B6DE10DEC6CA} = {D8F70D96-C8D6-4395-B1E8-0453E9786BE2}
		{418C545D-769C-4BE3-B907-CAF6267EAB5E} = {23EF1B36-22DB-4137-B257-9BD75FB9EE34}
		{23EF1B36-22DB-4137-B257-9BD75FB9EE34} = {2414C5E6-1B4B-4C19-8446-0A6A9E1197B0}
		{34D6A7E3-BF3E-4C9E-B563-6B9C936DE333} = {2414C5E6-1B4B-4C19-8446-0A6A9E1197B0}
		{07E9FD28-1F00-4829-AF47-54A67D5D535F} = {2414C5E6-1B4B-4C19-8446-0A6A9E1197B0}
		{67879409-9771-48CA-8B1C-3D057B746FB2} = {2414C5E6-1B4B-4C19-8446-0A6A9E1197B0}
		{FC791CF7-5FAA-46D0-8D62-56EF186B216C} = {07E9FD28-1F00-4829-AF47-54A67D5D535F}
		{7760D36A-A564-4C8F-8782-A3DC684FB027} = {97862C30-A556-4BCA-9FCA-B6DE10DEC6CA}
		{95E816AF-61FC-4E5A-B8AE-CB1454AE513D} = {97862C30-A556-4BCA-9FCA-B6DE10DEC6CA}
		{678CD993-D285-4F55-B084-D00A890D5024} = {34D6A7E3-BF3E-4C9E-B563-6B9C936DE333}
		{3524A6B9-C365-402F-A0AF-10B7A11C37AE} = {67879409-9771-48CA-8B1C-3D057B746FB2}
		{B6F80C5D-B4E0-4A52-A4D8-FDDD2678F2E3} = {23EF1B36-22DB-4137-B257-9BD75FB9EE34}
		{7B405156-F878-4423-9664-A17589C3ADF8} = {07E9FD28-1F00-4829-AF47-54A67D5D535F}
		{904EE884-4094-4299-AC51-C369F8F2C506} = {67879409-9771-48CA-8B1C-3D057B746FB2}
		{E248408D-BD38-406B-A05F-C488485D551A} = {2EC8F036-C4CF-46FD-ACF3-3A2D4041092D}
		{B0A1A3CE-44A5-40A3-AFC6-E26047D47103} = {2EC8F036-C4CF-46FD-ACF3-3A2D4041092D}
		{2EC8F036-C4CF-46FD-ACF3-3A2D4041092D} = {34D6A7E3-BF3E-4C9E-B563-6B9C936DE333}
		{A817961B-8766-40D6-900A-41F80080A1C7} = {07E9FD28-1F00-4829-AF47-54A67D5D535F}
		{7AA6CE4A-51CE-45DB-B4AD-56F91AA62DDA} = {23EF1B36-22DB-4137-B257-9BD75FB9EE34}
		{4E42E30B-6EE9-44E2-9B94-7AD4FF5EC42E} = {67879409-9771-48CA-8B1C-3D057B746FB2}
		{E3B61AA0-C0FD-4648-B176-32A83B1D8590} = {2EC8F036-C4CF-46FD-ACF3-3A2D4041092D}
	EndGlobalSection
	GlobalSection(ExtensibilityGlobals) = postSolution
		SolutionGuid = {440CF6D8-65D9-4CE4-97C6-E8B8BD4BA09F}
	EndGlobalSection
EndGlobal
